
Microsoft Visual Studio Solution File, Format Version 12.00
# Visual Studio 15
VisualStudioVersion = 15.0.28307.1082
MinimumVisualStudioVersion = 10.0.40219.1
Project("{FAE04EC0-301F-11D3-BF4B-00C04F79EFBC}") = "File Crypter", "File Crypter\File Crypter.csproj", "{534004B3-A3BD-4814-A670-FD10E53905AA}"
EndProject
Global
	GlobalSection(SolutionConfigurationPlatforms) = preSolution
		Debug|Any CPU = Debug|Any CPU
		Release|Any CPU = Release|Any CPU
	EndGlobalSection
	GlobalSection(ProjectConfigurationPlatforms) = postSolution
		{534004B3-A3BD-4814-A670-FD10E53905AA}.Debug|Any CPU.ActiveCfg = Debug|Any CPU
		{534004B3-A3BD-4814-A670-FD10E53905AA}.Debug|Any CPU.Build.0 = Debug|Any CPU
		{534004B3-A3BD-4814-A670-FD10E53905AA}.Release|Any CPU.ActiveCfg = Release|Any CPU
		{534004B3-A3BD-4814-A670-FD10E53905AA}.Release|Any CPU.Build.0 = Release|Any CPU
	EndGlobalSection
	GlobalSection(SolutionProperties) = preSolution
		HideSolutionNode = FALSE
	EndGlobalSection
	GlobalSection(ExtensibilityGlobals) = postSolution
		SolutionGuid = {2BB93051-AD6F-4407-95A7-D360FFEEF097}
	EndGlobalSection
EndGlobal
